// !$*UTF8*$!
{
	archiveVersion = 1;
	classes = {
	};
	objectVersion = 55;
	objects = {

/* Begin PBXBuildFile section */
		7FDB04142848A23B00C89FB6 /* EngineGroup.swift in Sources */ = {isa = PBXBuildFile; fileRef = 7FDB04132848A23B00C89FB6 /* EngineGroup.swift */; };
		7FFAFEAD2848600400B1980D /* AppDelegate.swift in Sources */ = {isa = PBXBuildFile; fileRef = 7FFAFEAC2848600400B1980D /* AppDelegate.swift */; };
		7FFAFEAF2848600400B1980D /* SceneDelegate.swift in Sources */ = {isa = PBXBuildFile; fileRef = 7FFAFEAE2848600400B1980D /* SceneDelegate.swift */; };
		7FFAFEB12848600400B1980D /* ViewController.swift in Sources */ = {isa = PBXBuildFile; fileRef = 7FFAFEB02848600400B1980D /* ViewController.swift */; };
		7FFAFEB42848600400B1980D /* Main.storyboard in Resources */ = {isa = PBXBuildFile; fileRef = 7FFAFEB22848600400B1980D /* Main.storyboard */; };
		7FFAFEB62848600600B1980D /* Assets.xcassets in Resources */ = {isa = PBXBuildFile; fileRef = 7FFAFEB52848600600B1980D /* Assets.xcassets */; };
		7FFAFEB92848600600B1980D /* LaunchScreen.storyboard in Resources */ = {isa = PBXBuildFile; fileRef = 7FFAFEB72848600600B1980D /* LaunchScreen.storyboard */; };
		B6E287B438901B2F077406DE /* Pods_flutter_ios.framework in Frameworks */ = {isa = PBXBuildFile; fileRef = 9743EE8227C6ED0CC5E77761 /* Pods_flutter_ios.framework */; };
/* End PBXBuildFile section */

/* Begin PBXFileReference section */
		0C8C11CDE8B8C5C7E7BF7F6F /* Pods-flutter-ios.release.xcconfig */ = {isa = PBXFileReference; includeInIndex = 1; lastKnownFileType = text.xcconfig; name = "Pods-flutter-ios.release.xcconfig"; path = "Target Support Files/Pods-flutter-ios/Pods-flutter-ios.release.xcconfig"; sourceTree = "<group>"; };
		4A3AD83415858FA35B6F8096 /* Pods-flutter-ios.debug.xcconfig */ = {isa = PBXFileReference; includeInIndex = 1; lastKnownFileType = text.xcconfig; name = "Pods-flutter-ios.debug.xcconfig"; path = "Target Support Files/Pods-flutter-ios/Pods-flutter-ios.debug.xcconfig"; sourceTree = "<group>"; };
		7FDB04132848A23B00C89FB6 /* EngineGroup.swift */ = {isa = PBXFileReference; lastKnownFileType = sourcecode.swift; path = EngineGroup.swift; sourceTree = "<group>"; };
		7FFAFEA92848600400B1980D /* flutter-ios.app */ = {isa = PBXFileReference; explicitFileType = wrapper.application; includeInIndex = 0; path = "flutter-ios.app"; sourceTree = BUILT_PRODUCTS_DIR; };
		7FFAFEAC2848600400B1980D /* AppDelegate.swift */ = {isa = PBXFileReference; lastKnownFileType = sourcecode.swift; path = AppDelegate.swift; sourceTree = "<group>"; };
		7FFAFEAE2848600400B1980D /* SceneDelegate.swift */ = {isa = PBXFileReference; lastKnownFileType = sourcecode.swift; path = SceneDelegate.swift; sourceTree = "<group>"; };
		7FFAFEB02848600400B1980D /* ViewController.swift */ = {isa = PBXFileReference; lastKnownFileType = sourcecode.swift; path = ViewController.swift; sourceTree = "<group>"; };
		7FFAFEB32848600400B1980D /* Base */ = {isa = PBXFileReference; lastKnownFileType = file.storyboard; name = Base; path = Base.lproj/Main.storyboard; sourceTree = "<group>"; };
		7FFAFEB52848600600B1980D /* Assets.xcassets */ = {isa = PBXFileReference; lastKnownFileType = folder.assetcatalog; path = Assets.xcassets; sourceTree = "<group>"; };
		7FFAFEB82848600600B1980D /* Base */ = {isa = PBXFileReference; lastKnownFileType = file.storyboard; name = Base; path = Base.lproj/LaunchScreen.storyboard; sourceTree = "<group>"; };
		7FFAFEBA2848600600B1980D /* Info.plist */ = {isa = PBXFileReference; lastKnownFileType = text.plist.xml; path = Info.plist; sourceTree = "<group>"; };
		9743EE8227C6ED0CC5E77761 /* Pods_flutter_ios.framework */ = {isa = PBXFileReference; explicitFileType = wrapper.framework; includeInIndex = 0; path = Pods_flutter_ios.framework; sourceTree = BUILT_PRODUCTS_DIR; };
/* End PBXFileReference section */

/* Begin PBXFrameworksBuildPhase section */
		7FFAFEA62848600400B1980D /* Frameworks */ = {
			isa = PBXFrameworksBuildPhase;
			buildActionMask = 2147483647;
			files = (
				B6E287B438901B2F077406DE /* Pods_flutter_ios.framework in Frameworks */,
			);
			runOnlyForDeploymentPostprocessing = 0;
		};
/* End PBXFrameworksBuildPhase section */

/* Begin PBXGroup section */
		5457BF558B175BB98376804F /* Frameworks */ = {
			isa = PBXGroup;
			children = (
				9743EE8227C6ED0CC5E77761 /* Pods_flutter_ios.framework */,
			);
			name = Frameworks;
			sourceTree = "<group>";
		};
		7FFAFEA02848600400B1980D = {
			isa = PBXGroup;
			children = (
				7FFAFEAB2848600400B1980D /* flutter-ios */,
				7FFAFEAA2848600400B1980D /* Products */,
				F5D6C9FD22113E45F7FB69B7 /* Pods */,
				5457BF558B175BB98376804F /* Frameworks */,
			);
			sourceTree = "<group>";
		};
		7FFAFEAA2848600400B1980D /* Products */ = {
			isa = PBXGroup;
			children = (
				7FFAFEA92848600400B1980D /* flutter-ios.app */,
			);
			name = Products;
			sourceTree = "<group>";
		};
		7FFAFEAB2848600400B1980D /* flutter-ios */ = {
			isa = PBXGroup;
			children = (
				7FFAFEAC2848600400B1980D /* AppDelegate.swift */,
				7FFAFEAE2848600400B1980D /* SceneDelegate.swift */,
				7FFAFEB02848600400B1980D /* ViewController.swift */,
				7FFAFEB22848600400B1980D /* Main.storyboard */,
				7FFAFEB52848600600B1980D /* Assets.xcassets */,
				7FFAFEB72848600600B1980D /* LaunchScreen.storyboard */,
				7FFAFEBA2848600600B1980D /* Info.plist */,
				7FDB04132848A23B00C89FB6 /* EngineGroup.swift */,
			);
			path = "flutter-ios";
			sourceTree = "<group>";
		};
		F5D6C9FD22113E45F7FB69B7 /* Pods */ = {
			isa = PBXGroup;
			children = (
				4A3AD83415858FA35B6F8096 /* Pods-flutter-ios.debug.xcconfig */,
				0C8C11CDE8B8C5C7E7BF7F6F /* Pods-flutter-ios.release.xcconfig */,
			);
			path = Pods;
			sourceTree = "<group>";
		};
/* End PBXGroup section */

/* Begin PBXNativeTarget section */
		7FFAFEA82848600400B1980D /* flutter-ios */ = {
			isa = PBXNativeTarget;
			buildConfigurationList = 7FFAFEBD2848600600B1980D /* Build configuration list for PBXNativeTarget "flutter-ios" */;
			buildPhases = (
				3E9F0DF70F0F3FF31178BC51 /* [CP] Check Pods Manifest.lock */,
				E8E52B8F12C7851DC32D0785 /* [CP-User] Run Flutter Build my_flutter Script */,
				7FFAFEA52848600400B1980D /* Sources */,
				7FFAFEA62848600400B1980D /* Frameworks */,
				7FFAFEA72848600400B1980D /* Resources */,
				FDE67BEB968851330AE2302C /* [CP] Embed Pods Frameworks */,
			);
			buildRules = (
			);
			dependencies = (
			);
			name = "flutter-ios";
			productName = "flutter-ios";
			productReference = 7FFAFEA92848600400B1980D /* flutter-ios.app */;
			productType = "com.apple.product-type.application";
		};
/* End PBXNativeTarget section */

/* Begin PBXProject section */
		7FFAFEA12848600400B1980D /* Project object */ = {
			isa = PBXProject;
			attributes = {
				BuildIndependentTargetsInParallel = 1;
				LastSwiftUpdateCheck = 1300;
				LastUpgradeCheck = 1300;
				TargetAttributes = {
					7FFAFEA82848600400B1980D = {
						CreatedOnToolsVersion = 13.0;
					};
				};
			};
			buildConfigurationList = 7FFAFEA42848600400B1980D /* Build configuration list for PBXProject "flutter-ios" */;
			compatibilityVersion = "Xcode 13.0";
			developmentRegion = en;
			hasScannedForEncodings = 0;
			knownRegions = (
				en,
				Base,
			);
			mainGroup = 7FFAFEA02848600400B1980D;
			productRefGroup = 7FFAFEAA2848600400B1980D /* Products */;
			projectDirPath = "";
			projectRoot = "";
			targets = (
				7FFAFEA82848600400B1980D /* flutter-ios */,
			);
		};
/* End PBXProject section */

/* Begin PBXResourcesBuildPhase section */
		7FFAFEA72848600400B1980D /* Resources */ = {
			isa = PBXResourcesBuildPhase;
			buildActionMask = 2147483647;
			files = (
				7FFAFEB92848600600B1980D /* LaunchScreen.storyboard in Resources */,
				7FFAFEB62848600600B1980D /* Assets.xcassets in Resources */,
				7FFAFEB42848600400B1980D /* Main.storyboard in Resources */,
			);
			runOnlyForDeploymentPostprocessing = 0;
		};
/* End PBXResourcesBuildPhase section */

/* Begin PBXShellScriptBuildPhase section */
		3E9F0DF70F0F3FF31178BC51 /* [CP] Check Pods Manifest.lock */ = {
			isa = PBXShellScriptBuildPhase;
			buildActionMask = 2147483647;
			files = (
			);
			inputFileListPaths = (
			);
			inputPaths = (
				"${PODS_PODFILE_DIR_PATH}/Podfile.lock",
				"${PODS_ROOT}/Manifest.lock",
			);
			name = "[CP] Check Pods Manifest.lock";
			outputFileListPaths = (
			);
			outputPaths = (
				"$(DERIVED_FILE_DIR)/Pods-flutter-ios-checkManifestLockResult.txt",
			);
			runOnlyForDeploymentPostprocessing = 0;
			shellPath = /bin/sh;
			shellScript = "diff \"${PODS_PODFILE_DIR_PATH}/Podfile.lock\" \"${PODS_ROOT}/Manifest.lock\" > /dev/null\nif [ $? != 0 ] ; then\n    # print error to STDERR\n    echo \"error: The sandbox is not in sync with the Podfile.lock. Run 'pod install' or update your CocoaPods installation.\" >&2\n    exit 1\nfi\n# This output is used by Xcode 'outputs' to avoid re-running this script phase.\necho \"SUCCESS\" > \"${SCRIPT_OUTPUT_FILE_0}\"\n";
			showEnvVarsInLog = 0;
		};
		E8E52B8F12C7851DC32D0785 /* [CP-User] Run Flutter Build my_flutter Script */ = {
			isa = PBXShellScriptBuildPhase;
			buildActionMask = 2147483647;
			files = (
			);
			name = "[CP-User] Run Flutter Build my_flutter Script";
			runOnlyForDeploymentPostprocessing = 0;
			shellPath = /bin/sh;
			shellScript = "set -e\nset -u\nsource \"${SRCROOT}/my_flutter/.ios/Flutter/flutter_export_environment.sh\"\nexport VERBOSE_SCRIPT_LOGGING=1 && \"$FLUTTER_ROOT\"/packages/flutter_tools/bin/xcode_backend.sh build";
		};
		FDE67BEB968851330AE2302C /* [CP] Embed Pods Frameworks */ = {
			isa = PBXShellScriptBuildPhase;
			buildActionMask = 2147483647;
			files = (
			);
			inputFileListPaths = (
				"${PODS_ROOT}/Target Support Files/Pods-flutter-ios/Pods-flutter-ios-frameworks-${CONFIGURATION}-input-files.xcfilelist",
			);
			name = "[CP] Embed Pods Frameworks";
			outputFileListPaths = (
				"${PODS_ROOT}/Target Support Files/Pods-flutter-ios/Pods-flutter-ios-frameworks-${CONFIGURATION}-output-files.xcfilelist",
			);
			runOnlyForDeploymentPostprocessing = 0;
			shellPath = /bin/sh;
			shellScript = "\"${PODS_ROOT}/Target Support Files/Pods-flutter-ios/Pods-flutter-ios-frameworks.sh\"\n";
			showEnvVarsInLog = 0;
		};
/* End PBXShellScriptBuildPhase section */

/* Begin PBXSourcesBuildPhase section */
		7FFAFEA52848600400B1980D /* Sources */ = {
			isa = PBXSourcesBuildPhase;
			buildActionMask = 2147483647;
			files = (
				7FFAFEB12848600400B1980D /* ViewController.swift in Sources */,
				7FFAFEAD2848600400B1980D /* AppDelegate.swift in Sources */,
				7FFAFEAF2848600400B1980D /* SceneDelegate.swift in Sources */,
				7FDB04142848A23B00C89FB6 /* EngineGroup.swift in Sources */,
			);
			runOnlyForDeploymentPostprocessing = 0;
		};
/* End PBXSourcesBuildPhase section */

/* Begin PBXVariantGroup section */
		7FFAFEB22848600400B1980D /* Main.storyboard */ = {
			isa = PBXVariantGroup;
			children = (
				7FFAFEB32848600400B1980D /* Base */,
			);
			name = Main.storyboard;
			sourceTree = "<group>";
		};
		7FFAFEB72848600600B1980D /* LaunchScreen.storyboard */ = {
			isa = PBXVariantGroup;
			children = (
				7FFAFEB82848600600B1980D /* Base */,
			);
			name = LaunchScreen.storyboard;
			sourceTree = "<group>";
		};
/* End PBXVariantGroup section */

/* Begin XCBuildConfiguration section */
		7FFAFEBB2848600600B1980D /* Debug */ = {
			isa = XCBuildConfiguration;
			buildSettings = {
				ALWAYS_SEARCH_USER_PATHS = NO;
				CLANG_ANALYZER_NONNULL = YES;
				CLANG_ANALYZER_NUMBER_OBJECT_CONVERSION = YES_AGGRESSIVE;
				CLANG_CXX_LANGUAGE_STANDARD = "gnu++17";
				CLANG_CXX_LIBRARY = "libc++";
				CLANG_ENABLE_MODULES = YES;
				CLANG_ENABLE_OBJC_ARC = YES;
				CLANG_ENABLE_OBJC_WEAK = YES;
				CLANG_WARN_BLOCK_CAPTURE_AUTORELEASING = YES;
				CLANG_WARN_BOOL_CONVERSION = YES;
				CLANG_WARN_COMMA = YES;
				CLANG_WARN_CONSTANT_CONVERSION = YES;
				CLANG_WARN_DEPRECATED_OBJC_IMPLEMENTATIONS = YES;
				CLANG_WARN_DIRECT_OBJC_ISA_USAGE = YES_ERROR;
				CLANG_WARN_DOCUMENTATION_COMMENTS = YES;
				CLANG_WARN_EMPTY_BODY = YES;
				CLANG_WARN_ENUM_CONVERSION = YES;
				CLANG_WARN_INFINITE_RECURSION = YES;
				CLANG_WARN_INT_CONVERSION = YES;
				CLANG_WARN_NON_LITERAL_NULL_CONVERSION = YES;
				CLANG_WARN_OBJC_IMPLICIT_RETAIN_SELF = YES;
				CLANG_WARN_OBJC_LITERAL_CONVERSION = YES;
				CLANG_WARN_OBJC_ROOT_CLASS = YES_ERROR;
				CLANG_WARN_QUOTED_INCLUDE_IN_FRAMEWORK_HEADER = YES;
				CLANG_WARN_RANGE_LOOP_ANALYSIS = YES;
				CLANG_WARN_STRICT_PROTOTYPES = YES;
				CLANG_WARN_SUSPICIOUS_MOVE = YES;
				CLANG_WARN_UNGUARDED_AVAILABILITY = YES_AGGRESSIVE;
				CLANG_WARN_UNREACHABLE_CODE = YES;
				CLANG_WARN__DUPLICATE_METHOD_MATCH = YES;
				COPY_PHASE_STRIP = NO;
				DEBUG_INFORMATION_FORMAT = dwarf;
				ENABLE_STRICT_OBJC_MSGSEND = YES;
				ENABLE_TESTABILITY = YES;
				GCC_C_LANGUAGE_STANDARD = gnu11;
				GCC_DYNAMIC_NO_PIC = NO;
				GCC_NO_COMMON_BLOCKS = YES;
				GCC_OPTIMIZATION_LEVEL = 0;
				GCC_PREPROCESSOR_DEFINITIONS = (
					"DEBUG=1",
					"$(inherited)",
				);
				GCC_WARN_64_TO_32_BIT_CONVERSION = YES;
				GCC_WARN_ABOUT_RETURN_TYPE = YES_ERROR;
				GCC_WARN_UNDECLARED_SELECTOR = YES;
				GCC_WARN_UNINITIALIZED_AUTOS = YES_AGGRESSIVE;
				GCC_WARN_UNUSED_FUNCTION = YES;
				GCC_WARN_UNUSED_VARIABLE = YES;
				IPHONEOS_DEPLOYMENT_TARGET = 15.0;
				MTL_ENABLE_DEBUG_INFO = INCLUDE_SOURCE;
				MTL_FAST_MATH = YES;
				ONLY_ACTIVE_ARCH = YES;
				SDKROOT = iphoneos;
				SWIFT_ACTIVE_COMPILATION_CONDITIONS = DEBUG;
				SWIFT_OPTIMIZATION_LEVEL = "-Onone";
			};
			name = Debug;
		};
		7FFAFEBC2848600600B1980D /* Release */ = {
			isa = XCBuildConfiguration;
			buildSettings = {
				ALWAYS_SEARCH_USER_PATHS = NO;
				CLANG_ANALYZER_NONNULL = YES;
				CLANG_ANALYZER_NUMBER_OBJECT_CONVERSION = YES_AGGRESSIVE;
				CLANG_CXX_LANGUAGE_STANDARD = "gnu++17";
				CLANG_CXX_LIBRARY = "libc++";
				CLANG_ENABLE_MODULES = YES;
				CLANG_ENABLE_OBJC_ARC = YES;
				CLANG_ENABLE_OBJC_WEAK = YES;
				CLANG_WARN_BLOCK_CAPTURE_AUTORELEASING = YES;
				CLANG_WARN_BOOL_CONVERSION = YES;
				CLANG_WARN_COMMA = YES;
				CLANG_WARN_CONSTANT_CONVERSION = YES;
				CLANG_WARN_DEPRECATED_OBJC_IMPLEMENTATIONS = YES;
				CLANG_WARN_DIRECT_OBJC_ISA_USAGE = YES_ERROR;
				CLANG_WARN_DOCUMENTATION_COMMENTS = YES;
				CLANG_WARN_EMPTY_BODY = YES;
				CLANG_WARN_ENUM_CONVERSION = YES;
				CLANG_WARN_INFINITE_RECURSION = YES;
				CLANG_WARN_INT_CONVERSION = YES;
				CLANG_WARN_NON_LITERAL_NULL_CONVERSION = YES;
				CLANG_WARN_OBJC_IMPLICIT_RETAIN_SELF = YES;
				CLANG_WARN_OBJC_LITERAL_CONVERSION = YES;
				CLANG_WARN_OBJC_ROOT_CLASS = YES_ERROR;
				CLANG_WARN_QUOTED_INCLUDE_IN_FRAMEWORK_HEADER = YES;
				CLANG_WARN_RANGE_LOOP_ANALYSIS = YES;
				CLANG_WARN_STRICT_PROTOTYPES = YES;
				CLANG_WARN_SUSPICIOUS_MOVE = YES;
				CLANG_WARN_UNGUARDED_AVAILABILITY = YES_AGGRESSIVE;
				CLANG_WARN_UNREACHABLE_CODE = YES;
				CLANG_WARN__DUPLICATE_METHOD_MATCH = YES;
				COPY_PHASE_STRIP = NO;
				DEBUG_INFORMATION_FORMAT = "dwarf-with-dsym";
				ENABLE_NS_ASSERTIONS = NO;
				ENABLE_STRICT_OBJC_MSGSEND = YES;
				GCC_C_LANGUAGE_STANDARD = gnu11;
				GCC_NO_COMMON_BLOCKS = YES;
				GCC_WARN_64_TO_32_BIT_CONVERSION = YES;
				GCC_WARN_ABOUT_RETURN_TYPE = YES_ERROR;
				GCC_WARN_UNDECLARED_SELECTOR = YES;
				GCC_WARN_UNINITIALIZED_AUTOS = YES_AGGRESSIVE;
				GCC_WARN_UNUSED_FUNCTION = YES;
				GCC_WARN_UNUSED_VARIABLE = YES;
				IPHONEOS_DEPLOYMENT_TARGET = 15.0;
				MTL_ENABLE_DEBUG_INFO = NO;
				MTL_FAST_MATH = YES;
				SDKROOT = iphoneos;
				SWIFT_COMPILATION_MODE = wholemodule;
				SWIFT_OPTIMIZATION_LEVEL = "-O";
				VALIDATE_PRODUCT = YES;
			};
			name = Release;
		};
		7FFAFEBE2848600600B1980D /* Debug */ = {
			isa = XCBuildConfiguration;
			baseConfigurationReference = 4A3AD83415858FA35B6F8096 /* Pods-flutter-ios.debug.xcconfig */;
			buildSettings = {
				ASSETCATALOG_COMPILER_APPICON_NAME = AppIcon;
				ASSETCATALOG_COMPILER_GLOBAL_ACCENT_COLOR_NAME = AccentColor;
				CODE_SIGN_STYLE = Automatic;
				CURRENT_PROJECT_VERSION = 1;
				DEVELOPMENT_TEAM = F7DAHNMXP5;
				GENERATE_INFOPLIST_FILE = YES;
				INFOPLIST_FILE = "flutter-ios/Info.plist";
				INFOPLIST_KEY_UIApplicationSupportsIndirectInputEvents = YES;
				INFOPLIST_KEY_UILaunchStoryboardName = LaunchScreen;
				INFOPLIST_KEY_UIMainStoryboardFile = Main;
				INFOPLIST_KEY_UISupportedInterfaceOrientations_iPad = "UIInterfaceOrientationPortrait UIInterfaceOrientationPortraitUpsideDown UIInterfaceOrientationLandscapeLeft UIInterfaceOrientationLandscapeRight";
				INFOPLIST_KEY_UISupportedInterfaceOrientations_iPhone = "UIInterfaceOrientationPortrait UIInterfaceOrientationLandscapeLeft UIInterfaceOrientationLandscapeRight";
				LD_RUNPATH_SEARCH_PATHS = (
					"$(inherited)",
					"@executable_path/Frameworks",
				);
				MARKETING_VERSION = 1.0;
				PRODUCT_BUNDLE_IDENTIFIER = "com.flutterTest.flutter-ios";
				PRODUCT_NAME = "$(TARGET_NAME)";
				SWIFT_EMIT_LOC_STRINGS = YES;
				SWIFT_VERSION = 5.0;
				TARGETED_DEVICE_FAMILY = "1,2";
			};
			name = Debug;
		};
		7FFAFEBF2848600600B1980D /* Release */ = {
			isa = XCBuildConfiguration;
			baseConfigurationReference = 0C8C11CDE8B8C5C7E7BF7F6F /* Pods-flutter-ios.release.xcconfig */;
			buildSettings = {
				ASSETCATALOG_COMPILER_APPICON_NAME = AppIcon;
				ASSETCATALOG_COMPILER_GLOBAL_ACCENT_COLOR_NAME = AccentColor;
				CODE_SIGN_STYLE = Automatic;
				CURRENT_PROJECT_VERSION = 1;
				DEVELOPMENT_TEAM = F7DAHNMXP5;
				GENERATE_INFOPLIST_FILE = YES;
				INFOPLIST_FILE = "flutter-ios/Info.plist";
				INFOPLIST_KEY_UIApplicationSupportsIndirectInputEvents = YES;
				INFOPLIST_KEY_UILaunchStoryboardName = LaunchScreen;
				INFOPLIST_KEY_UIMainStoryboardFile = Main;
				INFOPLIST_KEY_UISupportedInterfaceOrientations_iPad = "UIInterfaceOrientationPortrait UIInterfaceOrientationPortraitUpsideDown UIInterfaceOrientationLandscapeLeft UIInterfaceOrientationLandscapeRight";
				INFOPLIST_KEY_UISupportedInterfaceOrientations_iPhone = "UIInterfaceOrientationPortrait UIInterfaceOrientationLandscapeLeft UIInterfaceOrientationLandscapeRight";
				LD_RUNPATH_SEARCH_PATHS = (
					"$(inherited)",
					"@executable_path/Frameworks",
				);
				MARKETING_VERSION = 1.0;
				PRODUCT_BUNDLE_IDENTIFIER = "com.flutterTest.flutter-ios";
				PRODUCT_NAME = "$(TARGET_NAME)";
				SWIFT_EMIT_LOC_STRINGS = YES;
				SWIFT_VERSION = 5.0;
				TARGETED_DEVICE_FAMILY = "1,2";
			};
			name = Release;
		};
/* End XCBuildConfiguration section */

/* Begin XCConfigurationList section */
		7FFAFEA42848600400B1980D /* Build configuration list for PBXProject "flutter-ios" */ = {
			isa = XCConfigurationList;
			buildConfigurations = (
				7FFAFEBB2848600600B1980D /* Debug */,
				7FFAFEBC2848600600B1980D /* Release */,
			);
			defaultConfigurationIsVisible = 0;
			defaultConfigurationName = Release;
		};
		7FFAFEBD2848600600B1980D /* Build configuration list for PBXNativeTarget "flutter-ios" */ = {
			isa = XCConfigurationList;
			buildConfigurations = (
				7FFAFEBE2848600600B1980D /* Debug */,
				7FFAFEBF2848600600B1980D /* Release */,
			);
			defaultConfigurationIsVisible = 0;
			defaultConfigurationName = Release;
		};
/* End XCConfigurationList section */
	};
	rootObject = 7FFAFEA12848600400B1980D /* Project object */;
}
